# This file is automatically @generated by Cargo.
# It is not intended for manual editing.
version = 4

[[package]]
name = "tf-cli"
version = "0.1.0"
dependencies = [
 "tf-core",
 "tf-provider",
 "tf-replay",
 "tf-synth",
]

[[package]]
name = "tf-core"
version = "0.1.0"

[[package]]
name = "tf-provider"
version = "0.1.0"
dependencies = [
 "tf-core",
]

[[package]]
name = "tf-replay"
version = "0.1.0"
dependencies = [
 "tf-core",
 "tf-provider",
 "tf-synth",
]

[[package]]
name = "tf-secmaster"
version = "0.1.0"
dependencies = [
 "tf-core",
]

[[package]]
name = "tf-synth"
version = "0.1.0"
dependencies = [
 "tf-core",
 "tf-provider",
]
